
Microsoft Visual Studio Solution File, Format Version 12.00
# Visual Studio 15
VisualStudioVersion = 15.0.28307.572
MinimumVisualStudioVersion = 10.0.40219.1
Project("{FAE04EC0-301F-11D3-BF4B-00C04F79EFBC}") = "GUI", "src\GUI\GUI.csproj", "{A2918CE1-6894-4FC9-A864-4651769D0274}"
	ProjectSection(ProjectDependencies) = postProject
		{F50E572B-4BF9-4DA7-853E-D6B0A0354704} = {F50E572B-4BF9-4DA7-853E-D6B0A0354704}
	EndProjectSection
EndProject
Project("{FAE04EC0-301F-11D3-BF4B-00C04F79EFBC}") = "Core", "src\Core\Core.csproj", "{8CF10505-3C2E-4E45-AB90-21613237B412}"
EndProject
Project("{FAE04EC0-301F-11D3-BF4B-00C04F79EFBC}") = "GUI.Diagram", "src\GUI.Diagram\GUI.Diagram.csproj", "{F50E572B-4BF9-4DA7-853E-D6B0A0354704}"
EndProject
Global
	GlobalSection(SolutionConfigurationPlatforms) = preSolution
		Debug|Any CPU = Debug|Any CPU
		Release|Any CPU = Release|Any CPU
	EndGlobalSection
	GlobalSection(ProjectConfigurationPlatforms) = postSolution
		{A2918CE1-6894-4FC9-A864-4651769D0274}.Debug|Any CPU.ActiveCfg = Debug|Any CPU
		{A2918CE1-6894-4FC9-A864-4651769D0274}.Debug|Any CPU.Build.0 = Debug|Any CPU
		{A2918CE1-6894-4FC9-A864-4651769D0274}.Release|Any CPU.ActiveCfg = Release|Any CPU
		{A2918CE1-6894-4FC9-A864-4651769D0274}.Release|Any CPU.Build.0 = Release|Any CPU
		{8CF10505-3C2E-4E45-AB90-21613237B412}.Debug|Any CPU.ActiveCfg = Debug|Any CPU
		{8CF10505-3C2E-4E45-AB90-21613237B412}.Debug|Any CPU.Build.0 = Debug|Any CPU
		{8CF10505-3C2E-4E45-AB90-21613237B412}.Release|Any CPU.ActiveCfg = Release|Any CPU
		{8CF10505-3C2E-4E45-AB90-21613237B412}.Release|Any CPU.Build.0 = Release|Any CPU
		{F50E572B-4BF9-4DA7-853E-D6B0A0354704}.Debug|Any CPU.ActiveCfg = Debug|Any CPU
		{F50E572B-4BF9-4DA7-853E-D6B0A0354704}.Debug|Any CPU.Build.0 = Debug|Any CPU
		{F50E572B-4BF9-4DA7-853E-D6B0A0354704}.Release|Any CPU.ActiveCfg = Release|Any CPU
		{F50E572B-4BF9-4DA7-853E-D6B0A0354704}.Release|Any CPU.Build.0 = Release|Any CPU
	EndGlobalSection
	GlobalSection(SolutionProperties) = preSolution
		HideSolutionNode = FALSE
	EndGlobalSection
	GlobalSection(ExtensibilityGlobals) = postSolution
		SolutionGuid = {16086F17-55D2-4DEF-BC4C-0057B5D2AB58}
	EndGlobalSection
EndGlobal
